
Microsoft Visual Studio Solution File, Format Version 12.00
# Visual Studio Version 16
VisualStudioVersion = 16.0.32106.194
MinimumVisualStudioVersion = 10.0.40219.1
Project("{9A19103F-16F7-4668-BE54-9A1E7A4F7556}") = "WebApplication", "WebApplication\WebApplication.csproj", "{5EEA9A0D-8D55-4D96-815A-BBB490B31C19}"
EndProject
Project("{9A19103F-16F7-4668-BE54-9A1E7A4F7556}") = "Tests", "Tests\Tests.csproj", "{1CE23575-94BF-4A25-8B7C-1213AFCC77B4}"
EndProject
Global
	GlobalSection(SolutionConfigurationPlatforms) = preSolution
		Debug|Any CPU = Debug|Any CPU
		Release|Any CPU = Release|Any CPU
	EndGlobalSection
	GlobalSection(ProjectConfigurationPlatforms) = postSolution
		{5EEA9A0D-8D55-4D96-815A-BBB490B31C19}.Debug|Any CPU.ActiveCfg = Debug|Any CPU
		{5EEA9A0D-8D55-4D96-815A-BBB490B31C19}.Debug|Any CPU.Build.0 = Debug|Any CPU
		{5EEA9A0D-8D55-4D96-815A-BBB490B31C19}.Release|Any CPU.ActiveCfg = Release|Any CPU
		{5EEA9A0D-8D55-4D96-815A-BBB490B31C19}.Release|Any CPU.Build.0 = Release|Any CPU
		{1CE23575-94BF-4A25-8B7C-1213AFCC77B4}.Debug|Any CPU.ActiveCfg = Debug|Any CPU
		{1CE23575-94BF-4A25-8B7C-1213AFCC77B4}.Debug|Any CPU.Build.0 = Debug|Any CPU
		{1CE23575-94BF-4A25-8B7C-1213AFCC77B4}.Release|Any CPU.ActiveCfg = Release|Any CPU
		{1CE23575-94BF-4A25-8B7C-1213AFCC77B4}.Release|Any CPU.Build.0 = Release|Any CPU
	EndGlobalSection
	GlobalSection(SolutionProperties) = preSolution
		HideSolutionNode = FALSE
	EndGlobalSection
	GlobalSection(ExtensibilityGlobals) = postSolution
		SolutionGuid = {0BA6D840-A5CA-402F-A305-FF93400CCDDA}
	EndGlobalSection
EndGlobal
